
Microsoft Visual Studio Solution File, Format Version 12.00
# Visual Studio 11
Project("{FAE04EC0-301F-11D3-BF4B-00C04F79EFBC}") = "ReadOnlyCollectionSample", "ReadOnlyCollectionSample\ReadOnlyCollectionSample.csproj", "{D1E0F45E-0889-4983-BB04-E8CA7FDF7AC5}"
EndProject
Project("{FAE04EC0-301F-11D3-BF4B-00C04F79EFBC}") = "ConfigurationLibrary", "ConfigurationLibrary\ConfigurationLibrary.csproj", "{37F4F2B4-2AA0-4587-B5AF-F671395F3713}"
EndProject
Project("{FAE04EC0-301F-11D3-BF4B-00C04F79EFBC}") = "ConfigurationConsumer", "ConfigurationUser\ConfigurationConsumer.csproj", "{9B013971-6525-48D9-8E13-F180BE32D1E4}"
EndProject
Global
	GlobalSection(SolutionConfigurationPlatforms) = preSolution
		Debug|Any CPU = Debug|Any CPU
		Release|Any CPU = Release|Any CPU
	EndGlobalSection
	GlobalSection(ProjectConfigurationPlatforms) = postSolution
		{37F4F2B4-2AA0-4587-B5AF-F671395F3713}.Debug|Any CPU.ActiveCfg = Debug|Any CPU
		{37F4F2B4-2AA0-4587-B5AF-F671395F3713}.Debug|Any CPU.Build.0 = Debug|Any CPU
		{37F4F2B4-2AA0-4587-B5AF-F671395F3713}.Release|Any CPU.ActiveCfg = Release|Any CPU
		{37F4F2B4-2AA0-4587-B5AF-F671395F3713}.Release|Any CPU.Build.0 = Release|Any CPU
		{9B013971-6525-48D9-8E13-F180BE32D1E4}.Debug|Any CPU.ActiveCfg = Debug|Any CPU
		{9B013971-6525-48D9-8E13-F180BE32D1E4}.Debug|Any CPU.Build.0 = Debug|Any CPU
		{9B013971-6525-48D9-8E13-F180BE32D1E4}.Release|Any CPU.ActiveCfg = Release|Any CPU
		{9B013971-6525-48D9-8E13-F180BE32D1E4}.Release|Any CPU.Build.0 = Release|Any CPU
		{D1E0F45E-0889-4983-BB04-E8CA7FDF7AC5}.Debug|Any CPU.ActiveCfg = Debug|Any CPU
		{D1E0F45E-0889-4983-BB04-E8CA7FDF7AC5}.Debug|Any CPU.Build.0 = Debug|Any CPU
		{D1E0F45E-0889-4983-BB04-E8CA7FDF7AC5}.Release|Any CPU.ActiveCfg = Release|Any CPU
		{D1E0F45E-0889-4983-BB04-E8CA7FDF7AC5}.Release|Any CPU.Build.0 = Release|Any CPU
	EndGlobalSection
	GlobalSection(SolutionProperties) = preSolution
		HideSolutionNode = FALSE
	EndGlobalSection
EndGlobal
